<?xml version="1.0" encoding="utf-8"?>
<Project ToolsVersion="4.0" xmlns="http://schemas.microsoft.com/developer/msbuild/2003">
  <ItemGroup>
    <Filter Include="Source Files">
      <UniqueIdentifier>{74b2be37-f287-464f-bb4f-a5d8dc493cb7}</UniqueIdentifier>
      <Extensions>cpp;c;cxx;def;odl;idl;hpj;bat;asm</Extensions>
    </Filter>
    <Filter Include="Header Files">
      <UniqueIdentifier>{6bf4b78d-a116-47a8-9102-31730fcde9a8}</UniqueIdentifier>
      <Extensions>h;hpp;hxx;hm;inl;inc</Extensions>
    </Filter>
    <Filter Include="Resource Files">
      <UniqueIdentifier>{727b6091-87a5-4422-a6ec-438fa5933297}</UniqueIdentifier>
      <Extensions>rc;ico;cur;bmp;dlg;rc2;rct;bin;rgs;jpg;jpeg;jpe;manifest</Extensions>
    </Filter>
  </ItemGroup>
  <ItemGroup>
    <ClCompile Include="ChildView.cpp">
      <Filter>Source Files</Filter>
    </ClCompile>
    <ClCompile Include="DlgBinaryEdit.cpp">
      <Filter>Source Files</Filter>
    </ClCompile>
    <ClCompile Include="DlgPEHeader.cpp">
      <Filter>Source Files</Filter>
    </ClCompile>
    <ClCompile Include="DlgStringEdit.cpp">
      <Filter>Source Files</Filter>
    </ClCompile>
    <ClCompile Include="ExeLegend.cpp">
      <Filter>Source Files</Filter>
    </ClCompile>
    <ClCompile Include="ExeScanner.cpp">
      <Filter>Source Files</Filter>
    </ClCompile>
    <ClCompile Include="ExeTree.cpp">
      <Filter>Source Files</Filter>
    </ClCompile>
    <ClCompile Include="ExeView.cpp">
      <Filter>Source Files</Filter>
    </ClCompile>
    <ClCompile Include="ImageImportDlg.cpp">
      <Filter>Source Files</Filter>
    </ClCompile>
    <ClCompile Include="MainFrm.cpp">
      <Filter>Source Files</Filter>
    </ClCompile>
    <ClCompile Include="PEFile.cpp">
      <Filter>Source Files</Filter>
    </ClCompile>
    <ClCompile Include="PEResBinary.cpp">
      <Filter>Source Files</Filter>
    </ClCompile>
    <ClCompile Include="PEResBitmap.cpp">
      <Filter>Source Files</Filter>
    </ClCompile>
    <ClCompile Include="PEResCursor.cpp">
      <Filter>Source Files</Filter>
    </ClCompile>
    <ClCompile Include="PEResDialog.cpp">
      <Filter>Source Files</Filter>
    </ClCompile>
    <ClCompile Include="PEResIcon.cpp">
      <Filter>Source Files</Filter>
    </ClCompile>
    <ClCompile Include="PEResMenu.cpp">
      <Filter>Source Files</Filter>
    </ClCompile>
    <ClCompile Include="PEResString.cpp">
      <Filter>Source Files</Filter>
    </ClCompile>
    <ClCompile Include="PETreeList.cpp">
      <Filter>Source Files</Filter>
    </ClCompile>
    <ClCompile Include="PortableExecutable.cpp">
      <Filter>Source Files</Filter>
    </ClCompile>
    <ClCompile Include="PreviewWnd.cpp">
      <Filter>Source Files</Filter>
    </ClCompile>
    <ClCompile Include="ResourceBranch.cpp">
      <Filter>Source Files</Filter>
    </ClCompile>
    <ClCompile Include="ResourceNode.cpp">
      <Filter>Source Files</Filter>
    </ClCompile>
    <ClCompile Include="ResourceSection.cpp">
      <Filter>Source Files</Filter>
    </ClCompile>
    <ClCompile Include="stdafx.cpp">
      <Filter>Source Files</Filter>
    </ClCompile>
  </ItemGroup>
  <ItemGroup>
    <ClInclude Include="ChildView.h">
      <Filter>Header Files</Filter>
    </ClInclude>
    <ClInclude Include="DlgBinaryEdit.h">
      <Filter>Header Files</Filter>
    </ClInclude>
    <ClInclude Include="DlgPEHeader.h">
      <Filter>Header Files</Filter>
    </ClInclude>
    <ClInclude Include="DlgStringEdit.h">
      <Filter>Header Files</Filter>
    </ClInclude>
    <ClInclude Include="Exception.h">
      <Filter>Header Files</Filter>
    </ClInclude>
    <ClInclude Include="ExeLegend.h">
      <Filter>Header Files</Filter>
    </ClInclude>
    <ClInclude Include="ExeScanner.h">
      <Filter>Header Files</Filter>
    </ClInclude>
    <ClInclude Include="ExeTree.h">
      <Filter>Header Files</Filter>
    </ClInclude>
    <ClInclude Include="ExeView.h">
      <Filter>Header Files</Filter>
    </ClInclude>
    <ClInclude Include="ImageImportDlg.h">
      <Filter>Header Files</Filter>
    </ClInclude>
    <ClInclude Include="MainFrm.h">
      <Filter>Header Files</Filter>
    </ClInclude>
    <ClInclude Include="PEBase.h">
      <Filter>Header Files</Filter>
    </ClInclude>
    <ClInclude Include="PEFile.h">
      <Filter>Header Files</Filter>
    </ClInclude>
    <ClInclude Include="PEResBinary.h">
      <Filter>Header Files</Filter>
    </ClInclude>
    <ClInclude Include="PEResBitmap.h">
      <Filter>Header Files</Filter>
    </ClInclude>
    <ClInclude Include="PEResCursor.h">
      <Filter>Header Files</Filter>
    </ClInclude>
    <ClInclude Include="PEResDialog.h">
      <Filter>Header Files</Filter>
    </ClInclude>
    <ClInclude Include="PEResIcon.h">
      <Filter>Header Files</Filter>
    </ClInclude>
    <ClInclude Include="PEResMenu.h">
      <Filter>Header Files</Filter>
    </ClInclude>
    <ClInclude Include="PEResString.h">
      <Filter>Header Files</Filter>
    </ClInclude>
    <ClInclude Include="PETreeList.h">
      <Filter>Header Files</Filter>
    </ClInclude>
    <ClInclude Include="PortableExecutable.h">
      <Filter>Header Files</Filter>
    </ClInclude>
    <ClInclude Include="PreviewWnd.h">
      <Filter>Header Files</Filter>
    </ClInclude>
    <ClInclude Include="Resource.h">
      <Filter>Header Files</Filter>
    </ClInclude>
    <ClInclude Include="ResourceBranch.h">
      <Filter>Header Files</Filter>
    </ClInclude>
    <ClInclude Include="ResourceNode.h">
      <Filter>Header Files</Filter>
    </ClInclude>
    <ClInclude Include="ResourceSection.h">
      <Filter>Header Files</Filter>
    </ClInclude>
    <ClInclude Include="stdafx.h">
      <Filter>Header Files</Filter>
    </ClInclude>
  </ItemGroup>
  <ItemGroup>
    <None Include="Buttons1.bmp">
      <Filter>Resource Files</Filter>
    </None>
    <None Include="Buttons2.bmp">
      <Filter>Resource Files</Filter>
    </None>
    <None Include="res\ExeScanner.ico">
      <Filter>Resource Files</Filter>
    </None>
    <None Include="res\ExeScanner.rc2">
      <Filter>Resource Files</Filter>
    </None>
    <None Include="Extract.bmp">
      <Filter>Resource Files</Filter>
    </None>
    <None Include="Header.bmp">
      <Filter>Resource Files</Filter>
    </None>
    <None Include="res\icon1.ico">
      <Filter>Resource Files</Filter>
    </None>
    <None Include="ImageList16.bmp">
      <Filter>Resource Files</Filter>
    </None>
    <None Include="modify.bmp">
      <Filter>Resource Files</Filter>
    </None>
    <None Include="open.bmp">
      <Filter>Resource Files</Filter>
    </None>
    <None Include="Pointer.bmp">
      <Filter>Resource Files</Filter>
    </None>
    <None Include="res\Vishal-small.bmp">
      <Filter>Resource Files</Filter>
    </None>
    <None Include="res\Vishal-small.jpg">
      <Filter>Resource Files</Filter>
    </None>
    <None Include="ReadMe.txt" />
  </ItemGroup>
  <ItemGroup>
    <ResourceCompile Include="ExeScanner.rc">
      <Filter>Resource Files</Filter>
    </ResourceCompile>
  </ItemGroup>
</Project>