
Microsoft Visual Studio Solution File, Format Version 12.00
# Visual Studio 2013
VisualStudioVersion = 12.0.31101.0
MinimumVisualStudioVersion = 10.0.40219.1
Project("{8BC9CEB8-8B4A-11D0-8D11-00A0C91BC942}") = "PointLineDistance", "PointLineDistance\PointLineDistance.vcxproj", "{68CCFFA1-997D-4C49-85B7-1B84D7E64E5A}"
EndProject
Global
	GlobalSection(SolutionConfigurationPlatforms) = preSolution
		Debug|Win32 = Debug|Win32
		Release|Win32 = Release|Win32
	EndGlobalSection
	GlobalSection(ProjectConfigurationPlatforms) = postSolution
		{68CCFFA1-997D-4C49-85B7-1B84D7E64E5A}.Debug|Win32.ActiveCfg = Debug|Win32
		{68CCFFA1-997D-4C49-85B7-1B84D7E64E5A}.Debug|Win32.Build.0 = Debug|Win32
		{68CCFFA1-997D-4C49-85B7-1B84D7E64E5A}.Release|Win32.ActiveCfg = Release|Win32
		{68CCFFA1-997D-4C49-85B7-1B84D7E64E5A}.Release|Win32.Build.0 = Release|Win32
	EndGlobalSection
	GlobalSection(SolutionProperties) = preSolution
		HideSolutionNode = FALSE
	EndGlobalSection
EndGlobal
