<?xml version="1.0" encoding="utf-8"?>
<Project ToolsVersion="4.0" xmlns="http://schemas.microsoft.com/developer/msbuild/2003">
  <ItemGroup>
    <Filter Include="源文件">
      <UniqueIdentifier>{4FC737F1-C7A5-4376-A066-2A32D752A2FF}</UniqueIdentifier>
      <Extensions>cpp;c;cc;cxx;def;odl;idl;hpj;bat;asm;asmx</Extensions>
    </Filter>
    <Filter Include="头文件">
      <UniqueIdentifier>{93995380-89BD-4b04-88EB-625FBE52EBFB}</UniqueIdentifier>
      <Extensions>h;hpp;hxx;hm;inl;inc;xsd</Extensions>
    </Filter>
    <Filter Include="资源文件">
      <UniqueIdentifier>{67DA6AB6-F800-4c08-8B7A-83BB121AAD01}</UniqueIdentifier>
      <Extensions>rc;ico;cur;bmp;dlg;rc2;rct;bin;rgs;gif;jpg;jpeg;jpe;resx;tiff;tif;png;wav;mfcribbon-ms</Extensions>
    </Filter>
    <Filter Include="ScreenCapture">
      <UniqueIdentifier>{6a049b83-419d-4c0b-9c33-4380b3f7e7b7}</UniqueIdentifier>
    </Filter>
  </ItemGroup>
  <ItemGroup>
    <None Include="ReadMe.txt" />
  </ItemGroup>
  <ItemGroup>
    <ClInclude Include="stdafx.h">
      <Filter>头文件</Filter>
    </ClInclude>
    <ClInclude Include="targetver.h">
      <Filter>头文件</Filter>
    </ClInclude>
    <ClInclude Include="Resource.h">
      <Filter>头文件</Filter>
    </ClInclude>
    <ClInclude Include="SysTools.h">
      <Filter>头文件</Filter>
    </ClInclude>
    <ClInclude Include="ScreenCapture\CaptureWnd.h">
      <Filter>ScreenCapture</Filter>
    </ClInclude>
    <ClInclude Include="ScreenCapture\ToolBarWnd.h">
      <Filter>ScreenCapture</Filter>
    </ClInclude>
    <ClInclude Include="ScreenCapture\ConfigWnd.h">
      <Filter>ScreenCapture</Filter>
    </ClInclude>
    <ClInclude Include="ScreenCapture\CaptureHelper.h">
      <Filter>ScreenCapture</Filter>
    </ClInclude>
    <ClInclude Include="ScreenCapture\TSButton.h">
      <Filter>ScreenCapture</Filter>
    </ClInclude>
    <ClInclude Include="ScreenCapture\AlphaBlend.h">
      <Filter>ScreenCapture</Filter>
    </ClInclude>
  </ItemGroup>
  <ItemGroup>
    <ClCompile Include="stdafx.cpp">
      <Filter>源文件</Filter>
    </ClCompile>
    <ClCompile Include="SysTools.cpp">
      <Filter>源文件</Filter>
    </ClCompile>
    <ClCompile Include="ScreenCapture\CaptureWnd.cpp">
      <Filter>ScreenCapture</Filter>
    </ClCompile>
    <ClCompile Include="ScreenCapture\ToolBarWnd.cpp">
      <Filter>ScreenCapture</Filter>
    </ClCompile>
    <ClCompile Include="ScreenCapture\ConfigWnd.cpp">
      <Filter>ScreenCapture</Filter>
    </ClCompile>
    <ClCompile Include="ScreenCapture\CaptureHelper.cpp">
      <Filter>ScreenCapture</Filter>
    </ClCompile>
    <ClCompile Include="ScreenCapture\TSButton.cpp">
      <Filter>ScreenCapture</Filter>
    </ClCompile>
    <ClCompile Include="ScreenCapture\AlphaBlend.cpp">
      <Filter>ScreenCapture</Filter>
    </ClCompile>
  </ItemGroup>
  <ItemGroup>
    <ResourceCompile Include="SysTools.rc">
      <Filter>资源文件</Filter>
    </ResourceCompile>
  </ItemGroup>
</Project>