
Microsoft Visual Studio Solution File, Format Version 12.00
# Visual Studio 15
Project("{8BC9CEB8-8B4A-11D0-8D11-00A0C91BC942}") = "kstemp", "module\Draw-UML-with-MFC-master\kstemp\kstemp.vcxproj", "{07D1B623-02F8-4049-8B87-34FF6FDFB897}"
EndProject
Project("{2150E333-8FDC-42A3-9474-1A3956D46DE8}") = "Draw_UML", "Draw_UML", "{636F91A8-D445-4392-9C79-529A8B42A716}"
EndProject
Project("{8BC9CEB8-8B4A-11D0-8D11-00A0C91BC942}") = "ad", "module\graph-master\ad\ad.vcxproj", "{671E5CCB-5071-4FB0-8BBD-8959872737D0}"
EndProject
Project("{2150E333-8FDC-42A3-9474-1A3956D46DE8}") = "数据结构图展示", "数据结构图展示", "{715914E5-440E-4275-BCE3-CA98BF07DA70}"
EndProject
Project("{2150E333-8FDC-42A3-9474-1A3956D46DE8}") = "FinalGraphic", "FinalGraphic", "{F1EDF948-4B21-4ECA-9F0A-2354F1FC0FF5}"
EndProject
Project("{8BC9CEB8-8B4A-11D0-8D11-00A0C91BC942}") = "FinalGraphic", "module\FinalGraphic\FinalGraphic\FinalGraphic.vcxproj", "{8E22E451-0FFC-4735-BAF5-815E0F2456EB}"
EndProject
Project("{2150E333-8FDC-42A3-9474-1A3956D46DE8}") = "VC画图", "VC画图", "{1607308E-F965-4D34-8A49-A69EC3E29DB9}"
EndProject
Project("{8BC9CEB8-8B4A-11D0-8D11-00A0C91BC942}") = "HDraw", "module\VC画图\HDraw\HDraw.vcxproj", "{9E4D219C-F99C-451C-8A5A-8E3ED7F5A566}"
EndProject
Project("{8BC9CEB8-8B4A-11D0-8D11-00A0C91BC942}") = "WC", "module\WC\WC.vcxproj", "{CFBD0163-7FA2-51A4-7E66-9763B8512365}"
EndProject
Project("{2150E333-8FDC-42A3-9474-1A3956D46DE8}") = "WC", "WC", "{ECDA95BF-6379-4F5D-AF5E-354C48F8D016}"
EndProject
Project("{8BC9CEB8-8B4A-11D0-8D11-00A0C91BC942}") = "homework11", "module\画图板\homework11.vcxproj", "{81374909-12FD-6553-8C4C-E3329FB2ED62}"
EndProject
Project("{2150E333-8FDC-42A3-9474-1A3956D46DE8}") = "画图板", "画图板", "{F65F3606-FAC9-4E5B-9675-3E9BB97B31CF}"
EndProject
Global
	GlobalSection(SolutionConfigurationPlatforms) = preSolution
		Debug|x64 = Debug|x64
		Release|x64 = Release|x64
	EndGlobalSection
	GlobalSection(ProjectConfigurationPlatforms) = postSolution
		{07D1B623-02F8-4049-8B87-34FF6FDFB897}.Debug|x64.ActiveCfg = Debug|x64
		{07D1B623-02F8-4049-8B87-34FF6FDFB897}.Debug|x64.Build.0 = Debug|x64
		{07D1B623-02F8-4049-8B87-34FF6FDFB897}.Release|x64.ActiveCfg = Release|x64
		{07D1B623-02F8-4049-8B87-34FF6FDFB897}.Release|x64.Build.0 = Release|x64
		{671E5CCB-5071-4FB0-8BBD-8959872737D0}.Debug|x64.ActiveCfg = Debug|x64
		{671E5CCB-5071-4FB0-8BBD-8959872737D0}.Debug|x64.Build.0 = Debug|x64
		{671E5CCB-5071-4FB0-8BBD-8959872737D0}.Release|x64.ActiveCfg = Release|x64
		{671E5CCB-5071-4FB0-8BBD-8959872737D0}.Release|x64.Build.0 = Release|x64
		{8E22E451-0FFC-4735-BAF5-815E0F2456EB}.Debug|x64.ActiveCfg = Debug|x64
		{8E22E451-0FFC-4735-BAF5-815E0F2456EB}.Debug|x64.Build.0 = Debug|x64
		{8E22E451-0FFC-4735-BAF5-815E0F2456EB}.Release|x64.ActiveCfg = Release|x64
		{8E22E451-0FFC-4735-BAF5-815E0F2456EB}.Release|x64.Build.0 = Release|x64
		{9E4D219C-F99C-451C-8A5A-8E3ED7F5A566}.Debug|x64.ActiveCfg = Debug|x64
		{9E4D219C-F99C-451C-8A5A-8E3ED7F5A566}.Debug|x64.Build.0 = Debug|x64
		{9E4D219C-F99C-451C-8A5A-8E3ED7F5A566}.Release|x64.ActiveCfg = Release|x64
		{9E4D219C-F99C-451C-8A5A-8E3ED7F5A566}.Release|x64.Build.0 = Release|x64
		{CFBD0163-7FA2-51A4-7E66-9763B8512365}.Debug|x64.ActiveCfg = Debug|x64
		{CFBD0163-7FA2-51A4-7E66-9763B8512365}.Debug|x64.Build.0 = Debug|x64
		{CFBD0163-7FA2-51A4-7E66-9763B8512365}.Release|x64.ActiveCfg = Release|x64
		{CFBD0163-7FA2-51A4-7E66-9763B8512365}.Release|x64.Build.0 = Release|x64
		{81374909-12FD-6553-8C4C-E3329FB2ED62}.Debug|x64.ActiveCfg = Debug|x64
		{81374909-12FD-6553-8C4C-E3329FB2ED62}.Debug|x64.Build.0 = Debug|x64
		{81374909-12FD-6553-8C4C-E3329FB2ED62}.Release|x64.ActiveCfg = Release|x64
		{81374909-12FD-6553-8C4C-E3329FB2ED62}.Release|x64.Build.0 = Release|x64
	EndGlobalSection
	GlobalSection(SolutionProperties) = preSolution
		HideSolutionNode = FALSE
	EndGlobalSection
	GlobalSection(NestedProjects) = preSolution
		{07D1B623-02F8-4049-8B87-34FF6FDFB897} = {636F91A8-D445-4392-9C79-529A8B42A716}
		{671E5CCB-5071-4FB0-8BBD-8959872737D0} = {715914E5-440E-4275-BCE3-CA98BF07DA70}
		{8E22E451-0FFC-4735-BAF5-815E0F2456EB} = {F1EDF948-4B21-4ECA-9F0A-2354F1FC0FF5}
		{9E4D219C-F99C-451C-8A5A-8E3ED7F5A566} = {1607308E-F965-4D34-8A49-A69EC3E29DB9}
		{CFBD0163-7FA2-51A4-7E66-9763B8512365} = {ECDA95BF-6379-4F5D-AF5E-354C48F8D016}
		{81374909-12FD-6553-8C4C-E3329FB2ED62} = {F65F3606-FAC9-4E5B-9675-3E9BB97B31CF}
	EndGlobalSection
EndGlobal
