
Microsoft Visual Studio Solution File, Format Version 12.00
# Visual Studio 15
VisualStudioVersion = 15.0.28307.2092
MinimumVisualStudioVersion = 10.0.40219.1
Project("{2150E333-8FDC-42A3-9474-1A3956D46DE8}") = "cmd重定向", "cmd重定向", "{FD47744E-4692-44F8-8B3B-845E56D0652E}"
EndProject
Project("{8BC9CEB8-8B4A-11D0-8D11-00A0C91BC942}") = "RedirectDemo", "module\cmd重定向\Redirecting Standard Output to a CEdit Control\RedirectDemo.vcxproj", "{26225462-FA95-FDB2-8AD5-244DC5CBB5D7}"
EndProject
Project("{8BC9CEB8-8B4A-11D0-8D11-00A0C91BC942}") = "basicSample", "module\simpleopt\basicSample.vcxproj", "{BC46A349-E59A-4FDC-B56A-A668ED552758}"
EndProject
Project("{8BC9CEB8-8B4A-11D0-8D11-00A0C91BC942}") = "fullSample", "module\simpleopt\fullSample.vcxproj", "{4693B3B5-9070-4DC3-8C61-AAD6BF288E90}"
EndProject
Project("{8BC9CEB8-8B4A-11D0-8D11-00A0C91BC942}") = "globSample", "module\simpleopt\globSample.vcxproj", "{F3EED8E1-D911-4CAC-A8A2-BF127A6AC772}"
EndProject
Project("{2150E333-8FDC-42A3-9474-1A3956D46DE8}") = "simpleopt", "simpleopt", "{7C66B582-6279-4D11-8F8B-91B9D4A4F430}"
EndProject
Project("{8BC9CEB8-8B4A-11D0-8D11-00A0C91BC942}") = "cmd_parse", "module\cmd_parse\cmd_parse.vcxproj", "{3A094738-0A54-4F1B-BD6B-F7F73BD94A01}"
EndProject
Global
	GlobalSection(SolutionConfigurationPlatforms) = preSolution
		Debug|x64 = Debug|x64
		Release|x64 = Release|x64
	EndGlobalSection
	GlobalSection(ProjectConfigurationPlatforms) = postSolution
		{26225462-FA95-FDB2-8AD5-244DC5CBB5D7}.Debug|x64.ActiveCfg = Debug|x64
		{26225462-FA95-FDB2-8AD5-244DC5CBB5D7}.Debug|x64.Build.0 = Debug|x64
		{26225462-FA95-FDB2-8AD5-244DC5CBB5D7}.Release|x64.ActiveCfg = Release|x64
		{26225462-FA95-FDB2-8AD5-244DC5CBB5D7}.Release|x64.Build.0 = Release|x64
		{BC46A349-E59A-4FDC-B56A-A668ED552758}.Debug|x64.ActiveCfg = Debug|x64
		{BC46A349-E59A-4FDC-B56A-A668ED552758}.Debug|x64.Build.0 = Debug|x64
		{BC46A349-E59A-4FDC-B56A-A668ED552758}.Release|x64.ActiveCfg = Release|x64
		{BC46A349-E59A-4FDC-B56A-A668ED552758}.Release|x64.Build.0 = Release|x64
		{4693B3B5-9070-4DC3-8C61-AAD6BF288E90}.Debug|x64.ActiveCfg = Debug|x64
		{4693B3B5-9070-4DC3-8C61-AAD6BF288E90}.Debug|x64.Build.0 = Debug|x64
		{4693B3B5-9070-4DC3-8C61-AAD6BF288E90}.Release|x64.ActiveCfg = Release|x64
		{4693B3B5-9070-4DC3-8C61-AAD6BF288E90}.Release|x64.Build.0 = Release|x64
		{F3EED8E1-D911-4CAC-A8A2-BF127A6AC772}.Debug|x64.ActiveCfg = Debug|x64
		{F3EED8E1-D911-4CAC-A8A2-BF127A6AC772}.Debug|x64.Build.0 = Debug|x64
		{F3EED8E1-D911-4CAC-A8A2-BF127A6AC772}.Release|x64.ActiveCfg = Release|x64
		{F3EED8E1-D911-4CAC-A8A2-BF127A6AC772}.Release|x64.Build.0 = Release|x64
		{3A094738-0A54-4F1B-BD6B-F7F73BD94A01}.Debug|x64.ActiveCfg = Debug|x64
		{3A094738-0A54-4F1B-BD6B-F7F73BD94A01}.Debug|x64.Build.0 = Debug|x64
		{3A094738-0A54-4F1B-BD6B-F7F73BD94A01}.Release|x64.ActiveCfg = Release|x64
		{3A094738-0A54-4F1B-BD6B-F7F73BD94A01}.Release|x64.Build.0 = Release|x64
	EndGlobalSection
	GlobalSection(SolutionProperties) = preSolution
		HideSolutionNode = FALSE
	EndGlobalSection
	GlobalSection(NestedProjects) = preSolution
		{26225462-FA95-FDB2-8AD5-244DC5CBB5D7} = {FD47744E-4692-44F8-8B3B-845E56D0652E}
		{BC46A349-E59A-4FDC-B56A-A668ED552758} = {7C66B582-6279-4D11-8F8B-91B9D4A4F430}
		{4693B3B5-9070-4DC3-8C61-AAD6BF288E90} = {7C66B582-6279-4D11-8F8B-91B9D4A4F430}
		{F3EED8E1-D911-4CAC-A8A2-BF127A6AC772} = {7C66B582-6279-4D11-8F8B-91B9D4A4F430}
		{3A094738-0A54-4F1B-BD6B-F7F73BD94A01} = {7C66B582-6279-4D11-8F8B-91B9D4A4F430}
	EndGlobalSection
	GlobalSection(ExtensibilityGlobals) = postSolution
		SolutionGuid = {9BD740A5-E9C6-4F10-872D-7297BAAB8734}
	EndGlobalSection
EndGlobal
