
Microsoft Visual Studio Solution File, Format Version 11.00
# Visual Studio 2010
Project("{8BC9CEB8-8B4A-11D0-8D11-00A0C91BC942}") = "cmapi", "module\Mail(MAPI)\cmapi.vcxproj", "{ACD43642-B926-777D-50E7-7FEF59F47697}"
EndProject
Project("{2150E333-8FDC-42A3-9474-1A3956D46DE8}") = "Mail(MAPI)", "Mail(MAPI)", "{EA8BB596-0E45-42F2-8179-49931A16AAB9}"
EndProject
Project("{2150E333-8FDC-42A3-9474-1A3956D46DE8}") = "Mail-master", "Mail-master", "{9073EC46-70CF-41FF-A2E0-6A23343590CC}"
EndProject
Project("{8BC9CEB8-8B4A-11D0-8D11-00A0C91BC942}") = "mail", "module\Mail-master\mail.vcxproj", "{A32D0DB7-86F2-413A-B55A-A243A672A48F}"
EndProject
Project("{8BC9CEB8-8B4A-11D0-8D11-00A0C91BC942}") = "MyEmailClient", "module\实例320——编程实现收发电子邮件\MyEmailClient\MyEmailClient.vcxproj", "{7B744B83-DFED-BCA2-BE0A-24196461107D}"
EndProject
Project("{2150E333-8FDC-42A3-9474-1A3956D46DE8}") = "08 邮件传输", "08 邮件传输", "{B1066246-A9DD-4DC6-B8C7-EFCF626191EC}"
EndProject
Project("{8BC9CEB8-8B4A-11D0-8D11-00A0C91BC942}") = "ntPop3Mail", "module\08 邮件传输\ntPop3Mail\ntPop3Mail.vcxproj", "{0151D7D0-B4B6-B50A-D276-20B571CFFCEB}"
EndProject
Project("{8BC9CEB8-8B4A-11D0-8D11-00A0C91BC942}") = "ntSendMail", "module\08 邮件传输\ntSendMail\ntSendMail.vcxproj", "{CE01532F-FE6B-B9E4-8BCA-1527BAA5A032}"
EndProject
Project("{8BC9CEB8-8B4A-11D0-8D11-00A0C91BC942}") = "ntTelnet", "module\08 邮件传输\ntTelnet\ntTelnet.vcxproj", "{DD2C1C4C-A118-D19D-0CEE-85A61E0FDBC2}"
EndProject
Global
	GlobalSection(SolutionConfigurationPlatforms) = preSolution
		Debug|Win32 = Debug|Win32
		Debug|x64 = Debug|x64
		Release|Win32 = Release|Win32
		Release|x64 = Release|x64
	EndGlobalSection
	GlobalSection(ProjectConfigurationPlatforms) = postSolution
		{ACD43642-B926-777D-50E7-7FEF59F47697}.Debug|Win32.ActiveCfg = Debug|Win32
		{ACD43642-B926-777D-50E7-7FEF59F47697}.Debug|Win32.Build.0 = Debug|Win32
		{ACD43642-B926-777D-50E7-7FEF59F47697}.Debug|x64.ActiveCfg = Debug|Win32
		{ACD43642-B926-777D-50E7-7FEF59F47697}.Release|Win32.ActiveCfg = Release|Win32
		{ACD43642-B926-777D-50E7-7FEF59F47697}.Release|Win32.Build.0 = Release|Win32
		{ACD43642-B926-777D-50E7-7FEF59F47697}.Release|x64.ActiveCfg = Release|Win32
		{A32D0DB7-86F2-413A-B55A-A243A672A48F}.Debug|Win32.ActiveCfg = Debug|Win32
		{A32D0DB7-86F2-413A-B55A-A243A672A48F}.Debug|Win32.Build.0 = Debug|Win32
		{A32D0DB7-86F2-413A-B55A-A243A672A48F}.Debug|x64.ActiveCfg = Debug|x64
		{A32D0DB7-86F2-413A-B55A-A243A672A48F}.Debug|x64.Build.0 = Debug|x64
		{A32D0DB7-86F2-413A-B55A-A243A672A48F}.Release|Win32.ActiveCfg = Release|Win32
		{A32D0DB7-86F2-413A-B55A-A243A672A48F}.Release|Win32.Build.0 = Release|Win32
		{A32D0DB7-86F2-413A-B55A-A243A672A48F}.Release|x64.ActiveCfg = Release|x64
		{A32D0DB7-86F2-413A-B55A-A243A672A48F}.Release|x64.Build.0 = Release|x64
		{7B744B83-DFED-BCA2-BE0A-24196461107D}.Debug|Win32.ActiveCfg = Debug|Win32
		{7B744B83-DFED-BCA2-BE0A-24196461107D}.Debug|Win32.Build.0 = Debug|Win32
		{7B744B83-DFED-BCA2-BE0A-24196461107D}.Debug|x64.ActiveCfg = Debug|Win32
		{7B744B83-DFED-BCA2-BE0A-24196461107D}.Release|Win32.ActiveCfg = Release|Win32
		{7B744B83-DFED-BCA2-BE0A-24196461107D}.Release|Win32.Build.0 = Release|Win32
		{7B744B83-DFED-BCA2-BE0A-24196461107D}.Release|x64.ActiveCfg = Release|Win32
		{0151D7D0-B4B6-B50A-D276-20B571CFFCEB}.Debug|Win32.ActiveCfg = Debug|Win32
		{0151D7D0-B4B6-B50A-D276-20B571CFFCEB}.Debug|Win32.Build.0 = Debug|Win32
		{0151D7D0-B4B6-B50A-D276-20B571CFFCEB}.Debug|x64.ActiveCfg = Debug|Win32
		{0151D7D0-B4B6-B50A-D276-20B571CFFCEB}.Release|Win32.ActiveCfg = Release|Win32
		{0151D7D0-B4B6-B50A-D276-20B571CFFCEB}.Release|Win32.Build.0 = Release|Win32
		{0151D7D0-B4B6-B50A-D276-20B571CFFCEB}.Release|x64.ActiveCfg = Release|Win32
		{CE01532F-FE6B-B9E4-8BCA-1527BAA5A032}.Debug|Win32.ActiveCfg = Debug|Win32
		{CE01532F-FE6B-B9E4-8BCA-1527BAA5A032}.Debug|Win32.Build.0 = Debug|Win32
		{CE01532F-FE6B-B9E4-8BCA-1527BAA5A032}.Debug|x64.ActiveCfg = Debug|Win32
		{CE01532F-FE6B-B9E4-8BCA-1527BAA5A032}.Release|Win32.ActiveCfg = Release|Win32
		{CE01532F-FE6B-B9E4-8BCA-1527BAA5A032}.Release|Win32.Build.0 = Release|Win32
		{CE01532F-FE6B-B9E4-8BCA-1527BAA5A032}.Release|x64.ActiveCfg = Release|Win32
		{DD2C1C4C-A118-D19D-0CEE-85A61E0FDBC2}.Debug|Win32.ActiveCfg = Debug|Win32
		{DD2C1C4C-A118-D19D-0CEE-85A61E0FDBC2}.Debug|Win32.Build.0 = Debug|Win32
		{DD2C1C4C-A118-D19D-0CEE-85A61E0FDBC2}.Debug|x64.ActiveCfg = Debug|Win32
		{DD2C1C4C-A118-D19D-0CEE-85A61E0FDBC2}.Release|Win32.ActiveCfg = Release|Win32
		{DD2C1C4C-A118-D19D-0CEE-85A61E0FDBC2}.Release|Win32.Build.0 = Release|Win32
		{DD2C1C4C-A118-D19D-0CEE-85A61E0FDBC2}.Release|x64.ActiveCfg = Release|Win32
	EndGlobalSection
	GlobalSection(SolutionProperties) = preSolution
		HideSolutionNode = FALSE
	EndGlobalSection
	GlobalSection(NestedProjects) = preSolution
		{ACD43642-B926-777D-50E7-7FEF59F47697} = {EA8BB596-0E45-42F2-8179-49931A16AAB9}
		{A32D0DB7-86F2-413A-B55A-A243A672A48F} = {9073EC46-70CF-41FF-A2E0-6A23343590CC}
		{0151D7D0-B4B6-B50A-D276-20B571CFFCEB} = {B1066246-A9DD-4DC6-B8C7-EFCF626191EC}
		{CE01532F-FE6B-B9E4-8BCA-1527BAA5A032} = {B1066246-A9DD-4DC6-B8C7-EFCF626191EC}
		{DD2C1C4C-A118-D19D-0CEE-85A61E0FDBC2} = {B1066246-A9DD-4DC6-B8C7-EFCF626191EC}
	EndGlobalSection
EndGlobal
